
Microsoft Visual Studio Solution File, Format Version 12.00
# Visual Studio 15
VisualStudioVersion = 15.0.28307.645
MinimumVisualStudioVersion = 10.0.40219.1
Project("{FAE04EC0-301F-11D3-BF4B-00C04F79EFBC}") = "EmployeeProject", "Employee\EmployeeProject.csproj", "{ADF06197-29E3-4B97-80B5-1CA61616B881}"
EndProject
Global
	GlobalSection(SolutionConfigurationPlatforms) = preSolution
		Debug|Any CPU = Debug|Any CPU
		Release|Any CPU = Release|Any CPU
	EndGlobalSection
	GlobalSection(ProjectConfigurationPlatforms) = postSolution
		{ADF06197-29E3-4B97-80B5-1CA61616B881}.Debug|Any CPU.ActiveCfg = Debug|Any CPU
		{ADF06197-29E3-4B97-80B5-1CA61616B881}.Debug|Any CPU.Build.0 = Debug|Any CPU
		{ADF06197-29E3-4B97-80B5-1CA61616B881}.Release|Any CPU.ActiveCfg = Release|Any CPU
		{ADF06197-29E3-4B97-80B5-1CA61616B881}.Release|Any CPU.Build.0 = Release|Any CPU
	EndGlobalSection
	GlobalSection(SolutionProperties) = preSolution
		HideSolutionNode = FALSE
	EndGlobalSection
	GlobalSection(ExtensibilityGlobals) = postSolution
		SolutionGuid = {5D84500B-E769-461C-BE0B-70E98F7700DD}
	EndGlobalSection
EndGlobal
